// !$*UTF8*$!
{
	archiveVersion = 1;
	classes = {
	};
	objectVersion = 46;
	objects = {

/* Begin PBXBuildFile section */
		544DB0051CDB216F00DE1ECD /* main.m in Sources */ = {isa = PBXBuildFile; fileRef = 544DB0041CDB216F00DE1ECD /* main.m */; };
		544DB0081CDB216F00DE1ECD /* AppDelegate.m in Sources */ = {isa = PBXBuildFile; fileRef = 544DB0071CDB216F00DE1ECD /* AppDelegate.m */; };
		544DB00B1CDB216F00DE1ECD /* ViewController.m in Sources */ = {isa = PBXBuildFile; fileRef = 544DB00A1CDB216F00DE1ECD /* ViewController.m */; };
		544DB00E1CDB216F00DE1ECD /* Main.storyboard in Resources */ = {isa = PBXBuildFile; fileRef = 544DB00C1CDB216F00DE1ECD /* Main.storyboard */; };
		544DB0101CDB216F00DE1ECD /* Assets.xcassets in Resources */ = {isa = PBXBuildFile; fileRef = 544DB00F1CDB216F00DE1ECD /* Assets.xcassets */; };
		544DB0131CDB216F00DE1ECD /* LaunchScreen.storyboard in Resources */ = {isa = PBXBuildFile; fileRef = 544DB0111CDB216F00DE1ECD /* LaunchScreen.storyboard */; };
		544DB01E1CDB216F00DE1ECD /* CSCalendarPickerTests.m in Sources */ = {isa = PBXBuildFile; fileRef = 544DB01D1CDB216F00DE1ECD /* CSCalendarPickerTests.m */; };
		544DB0291CDB216F00DE1ECD /* CSCalendarPickerUITests.m in Sources */ = {isa = PBXBuildFile; fileRef = 544DB0281CDB216F00DE1ECD /* CSCalendarPickerUITests.m */; };
		544DB0501CDB218500DE1ECD /* CalendarBtn.m in Sources */ = {isa = PBXBuildFile; fileRef = 544DB0381CDB218500DE1ECD /* CalendarBtn.m */; };
		544DB0511CDB218500DE1ECD /* CSCalendarPicker.m in Sources */ = {isa = PBXBuildFile; fileRef = 544DB03A1CDB218500DE1ECD /* CSCalendarPicker.m */; };
		544DB0521CDB218500DE1ECD /* CSCalendarPicker.xib in Resources */ = {isa = PBXBuildFile; fileRef = 544DB03B1CDB218500DE1ECD /* CSCalendarPicker.xib */; };
		544DB0531CDB218500DE1ECD /* CSCalendarPickerView.m in Sources */ = {isa = PBXBuildFile; fileRef = 544DB03D1CDB218500DE1ECD /* CSCalendarPickerView.m */; };
		544DB0541CDB218500DE1ECD /* CSCollectionLayout.m in Sources */ = {isa = PBXBuildFile; fileRef = 544DB03F1CDB218500DE1ECD /* CSCollectionLayout.m */; };
		544DB0551CDB218500DE1ECD /* CSHeaderView.m in Sources */ = {isa = PBXBuildFile; fileRef = 544DB0411CDB218500DE1ECD /* CSHeaderView.m */; };
		544DB0561CDB218500DE1ECD /* CSPickerView.m in Sources */ = {isa = PBXBuildFile; fileRef = 544DB0431CDB218500DE1ECD /* CSPickerView.m */; };
		544DB0571CDB218500DE1ECD /* dateOfView.m in Sources */ = {isa = PBXBuildFile; fileRef = 544DB0451CDB218500DE1ECD /* dateOfView.m */; };
		544DB0581CDB218500DE1ECD /* InChoosing.m in Sources */ = {isa = PBXBuildFile; fileRef = 544DB0471CDB218500DE1ECD /* InChoosing.m */; };
		544DB0591CDB218500DE1ECD /* NSDate+Extension.m in Sources */ = {isa = PBXBuildFile; fileRef = 544DB0491CDB218500DE1ECD /* NSDate+Extension.m */; };
		544DB05A1CDB218500DE1ECD /* SpecificDate.m in Sources */ = {isa = PBXBuildFile; fileRef = 544DB04B1CDB218500DE1ECD /* SpecificDate.m */; };
		544DB05B1CDB218500DE1ECD /* UnderlineView.m in Sources */ = {isa = PBXBuildFile; fileRef = 544DB04D1CDB218500DE1ECD /* UnderlineView.m */; };
		544DB05C1CDB218500DE1ECD /* yearsChooseCell.m in Sources */ = {isa = PBXBuildFile; fileRef = 544DB04F1CDB218500DE1ECD /* yearsChooseCell.m */; };
		544DB05F1CDB223100DE1ECD /* UIView+Extension.m in Sources */ = {isa = PBXBuildFile; fileRef = 544DB05E1CDB223100DE1ECD /* UIView+Extension.m */; };
/* End PBXBuildFile section */

/* Begin PBXContainerItemProxy section */
		544DB01A1CDB216F00DE1ECD /* PBXContainerItemProxy */ = {
			isa = PBXContainerItemProxy;
			containerPortal = 544DAFF81CDB216F00DE1ECD /* Project object */;
			proxyType = 1;
			remoteGlobalIDString = 544DAFFF1CDB216F00DE1ECD;
			remoteInfo = CSCalendarPicker;
		};
		544DB0251CDB216F00DE1ECD /* PBXContainerItemProxy */ = {
			isa = PBXContainerItemProxy;
			containerPortal = 544DAFF81CDB216F00DE1ECD /* Project object */;
			proxyType = 1;
			remoteGlobalIDString = 544DAFFF1CDB216F00DE1ECD;
			remoteInfo = CSCalendarPicker;
		};
/* End PBXContainerItemProxy section */

/* Begin PBXFileReference section */
		544DB0001CDB216F00DE1ECD /* CSCalendarPicker.app */ = {isa = PBXFileReference; explicitFileType = wrapper.application; includeInIndex = 0; path = CSCalendarPicker.app; sourceTree = BUILT_PRODUCTS_DIR; };
		544DB0041CDB216F00DE1ECD /* main.m */ = {isa = PBXFileReference; lastKnownFileType = sourcecode.c.objc; path = main.m; sourceTree = "<group>"; };
		544DB0061CDB216F00DE1ECD /* AppDelegate.h */ = {isa = PBXFileReference; lastKnownFileType = sourcecode.c.h; path = AppDelegate.h; sourceTree = "<group>"; };
		544DB0071CDB216F00DE1ECD /* AppDelegate.m */ = {isa = PBXFileReference; lastKnownFileType = sourcecode.c.objc; path = AppDelegate.m; sourceTree = "<group>"; };
		544DB0091CDB216F00DE1ECD /* ViewController.h */ = {isa = PBXFileReference; lastKnownFileType = sourcecode.c.h; path = ViewController.h; sourceTree = "<group>"; };
		544DB00A1CDB216F00DE1ECD /* ViewController.m */ = {isa = PBXFileReference; lastKnownFileType = sourcecode.c.objc; path = ViewController.m; sourceTree = "<group>"; };
		544DB00D1CDB216F00DE1ECD /* Base */ = {isa = PBXFileReference; lastKnownFileType = file.storyboard; name = Base; path = Base.lproj/Main.storyboard; sourceTree = "<group>"; };
		544DB00F1CDB216F00DE1ECD /* Assets.xcassets */ = {isa = PBXFileReference; lastKnownFileType = folder.assetcatalog; path = Assets.xcassets; sourceTree = "<group>"; };
		544DB0121CDB216F00DE1ECD /* Base */ = {isa = PBXFileReference; lastKnownFileType = file.storyboard; name = Base; path = Base.lproj/LaunchScreen.storyboard; sourceTree = "<group>"; };
		544DB0141CDB216F00DE1ECD /* Info.plist */ = {isa = PBXFileReference; lastKnownFileType = text.plist.xml; path = Info.plist; sourceTree = "<group>"; };
		544DB0191CDB216F00DE1ECD /* CSCalendarPickerTests.xctest */ = {isa = PBXFileReference; explicitFileType = wrapper.cfbundle; includeInIndex = 0; path = CSCalendarPickerTests.xctest; sourceTree = BUILT_PRODUCTS_DIR; };
		544DB01D1CDB216F00DE1ECD /* CSCalendarPickerTests.m */ = {isa = PBXFileReference; lastKnownFileType = sourcecode.c.objc; path = CSCalendarPickerTests.m; sourceTree = "<group>"; };
		544DB01F1CDB216F00DE1ECD /* Info.plist */ = {isa = PBXFileReference; lastKnownFileType = text.plist.xml; path = Info.plist; sourceTree = "<group>"; };
		544DB0241CDB216F00DE1ECD /* CSCalendarPickerUITests.xctest */ = {isa = PBXFileReference; explicitFileType = wrapper.cfbundle; includeInIndex = 0; path = CSCalendarPickerUITests.xctest; sourceTree = BUILT_PRODUCTS_DIR; };
		544DB0281CDB216F00DE1ECD /* CSCalendarPickerUITests.m */ = {isa = PBXFileReference; lastKnownFileType = sourcecode.c.objc; path = CSCalendarPickerUITests.m; sourceTree = "<group>"; };
		544DB02A1CDB216F00DE1ECD /* Info.plist */ = {isa = PBXFileReference; lastKnownFileType = text.plist.xml; path = Info.plist; sourceTree = "<group>"; };
		544DB0371CDB218500DE1ECD /* CalendarBtn.h */ = {isa = PBXFileReference; fileEncoding = 4; lastKnownFileType = sourcecode.c.h; path = CalendarBtn.h; sourceTree = "<group>"; };
		544DB0381CDB218500DE1ECD /* CalendarBtn.m */ = {isa = PBXFileReference; fileEncoding = 4; lastKnownFileType = sourcecode.c.objc; path = CalendarBtn.m; sourceTree = "<group>"; };
		544DB0391CDB218500DE1ECD /* CSCalendarPicker.h */ = {isa = PBXFileReference; fileEncoding = 4; lastKnownFileType = sourcecode.c.h; path = CSCalendarPicker.h; sourceTree = "<group>"; };
		544DB03A1CDB218500DE1ECD /* CSCalendarPicker.m */ = {isa = PBXFileReference; fileEncoding = 4; lastKnownFileType = sourcecode.c.objc; path = CSCalendarPicker.m; sourceTree = "<group>"; };
		544DB03B1CDB218500DE1ECD /* CSCalendarPicker.xib */ = {isa = PBXFileReference; fileEncoding = 4; lastKnownFileType = file.xib; path = CSCalendarPicker.xib; sourceTree = "<group>"; };
		544DB03C1CDB218500DE1ECD /* CSCalendarPickerView.h */ = {isa = PBXFileReference; fileEncoding = 4; lastKnownFileType = sourcecode.c.h; path = CSCalendarPickerView.h; sourceTree = "<group>"; };
		544DB03D1CDB218500DE1ECD /* CSCalendarPickerView.m */ = {isa = PBXFileReference; fileEncoding = 4; lastKnownFileType = sourcecode.c.objc; path = CSCalendarPickerView.m; sourceTree = "<group>"; };
		544DB03E1CDB218500DE1ECD /* CSCollectionLayout.h */ = {isa = PBXFileReference; fileEncoding = 4; lastKnownFileType = sourcecode.c.h; path = CSCollectionLayout.h; sourceTree = "<group>"; };
		544DB03F1CDB218500DE1ECD /* CSCollectionLayout.m */ = {isa = PBXFileReference; fileEncoding = 4; lastKnownFileType = sourcecode.c.objc; path = CSCollectionLayout.m; sourceTree = "<group>"; };
		544DB0401CDB218500DE1ECD /* CSHeaderView.h */ = {isa = PBXFileReference; fileEncoding = 4; lastKnownFileType = sourcecode.c.h; path = CSHeaderView.h; sourceTree = "<group>"; };
		544DB0411CDB218500DE1ECD /* CSHeaderView.m */ = {isa = PBXFileReference; fileEncoding = 4; lastKnownFileType = sourcecode.c.objc; path = CSHeaderView.m; sourceTree = "<group>"; };
		544DB0421CDB218500DE1ECD /* CSPickerView.h */ = {isa = PBXFileReference; fileEncoding = 4; lastKnownFileType = sourcecode.c.h; path = CSPickerView.h; sourceTree = "<group>"; };
		544DB0431CDB218500DE1ECD /* CSPickerView.m */ = {isa = PBXFileReference; fileEncoding = 4; lastKnownFileType = sourcecode.c.objc; path = CSPickerView.m; sourceTree = "<group>"; };
		544DB0441CDB218500DE1ECD /* dateOfView.h */ = {isa = PBXFileReference; fileEncoding = 4; lastKnownFileType = sourcecode.c.h; path = dateOfView.h; sourceTree = "<group>"; };
		544DB0451CDB218500DE1ECD /* dateOfView.m */ = {isa = PBXFileReference; fileEncoding = 4; lastKnownFileType = sourcecode.c.objc; path = dateOfView.m; sourceTree = "<group>"; };
		544DB0461CDB218500DE1ECD /* InChoosing.h */ = {isa = PBXFileReference; fileEncoding = 4; lastKnownFileType = sourcecode.c.h; path = InChoosing.h; sourceTree = "<group>"; };
		544DB0471CDB218500DE1ECD /* InChoosing.m */ = {isa = PBXFileReference; fileEncoding = 4; lastKnownFileType = sourcecode.c.objc; path = InChoosing.m; sourceTree = "<group>"; };
		544DB0481CDB218500DE1ECD /* NSDate+Extension.h */ = {isa = PBXFileReference; fileEncoding = 4; lastKnownFileType = sourcecode.c.h; path = "NSDate+Extension.h"; sourceTree = "<group>"; };
		544DB0491CDB218500DE1ECD /* NSDate+Extension.m */ = {isa = PBXFileReference; fileEncoding = 4; lastKnownFileType = sourcecode.c.objc; path = "NSDate+Extension.m"; sourceTree = "<group>"; };
		544DB04A1CDB218500DE1ECD /* SpecificDate.h */ = {isa = PBXFileReference; fileEncoding = 4; lastKnownFileType = sourcecode.c.h; path = SpecificDate.h; sourceTree = "<group>"; };
		544DB04B1CDB218500DE1ECD /* SpecificDate.m */ = {isa = PBXFileReference; fileEncoding = 4; lastKnownFileType = sourcecode.c.objc; path = SpecificDate.m; sourceTree = "<group>"; };
		544DB04C1CDB218500DE1ECD /* UnderlineView.h */ = {isa = PBXFileReference; fileEncoding = 4; lastKnownFileType = sourcecode.c.h; path = UnderlineView.h; sourceTree = "<group>"; };
		544DB04D1CDB218500DE1ECD /* UnderlineView.m */ = {isa = PBXFileReference; fileEncoding = 4; lastKnownFileType = sourcecode.c.objc; path = UnderlineView.m; sourceTree = "<group>"; };
		544DB04E1CDB218500DE1ECD /* yearsChooseCell.h */ = {isa = PBXFileReference; fileEncoding = 4; lastKnownFileType = sourcecode.c.h; path = yearsChooseCell.h; sourceTree = "<group>"; };
		544DB04F1CDB218500DE1ECD /* yearsChooseCell.m */ = {isa = PBXFileReference; fileEncoding = 4; lastKnownFileType = sourcecode.c.objc; path = yearsChooseCell.m; sourceTree = "<group>"; };
		544DB05D1CDB223100DE1ECD /* UIView+Extension.h */ = {isa = PBXFileReference; fileEncoding = 4; lastKnownFileType = sourcecode.c.h; path = "UIView+Extension.h"; sourceTree = "<group>"; };
		544DB05E1CDB223100DE1ECD /* UIView+Extension.m */ = {isa = PBXFileReference; fileEncoding = 4; lastKnownFileType = sourcecode.c.objc; path = "UIView+Extension.m"; sourceTree = "<group>"; };
/* End PBXFileReference section */

/* Begin PBXFrameworksBuildPhase section */
		544DAFFD1CDB216F00DE1ECD /* Frameworks */ = {
			isa = PBXFrameworksBuildPhase;
			buildActionMask = 2147483647;
			files = (
			);
			runOnlyForDeploymentPostprocessing = 0;
		};
		544DB0161CDB216F00DE1ECD /* Frameworks */ = {
			isa = PBXFrameworksBuildPhase;
			buildActionMask = 2147483647;
			files = (
			);
			runOnlyForDeploymentPostprocessing = 0;
		};
		544DB0211CDB216F00DE1ECD /* Frameworks */ = {
			isa = PBXFrameworksBuildPhase;
			buildActionMask = 2147483647;
			files = (
			);
			runOnlyForDeploymentPostprocessing = 0;
		};
/* End PBXFrameworksBuildPhase section */

/* Begin PBXGroup section */
		544DAFF71CDB216F00DE1ECD = {
			isa = PBXGroup;
			children = (
				544DB0021CDB216F00DE1ECD /* CSCalendarPicker */,
				544DB01C1CDB216F00DE1ECD /* CSCalendarPickerTests */,
				544DB0271CDB216F00DE1ECD /* CSCalendarPickerUITests */,
				544DB0011CDB216F00DE1ECD /* Products */,
			);
			sourceTree = "<group>";
		};
		544DB0011CDB216F00DE1ECD /* Products */ = {
			isa = PBXGroup;
			children = (
				544DB0001CDB216F00DE1ECD /* CSCalendarPicker.app */,
				544DB0191CDB216F00DE1ECD /* CSCalendarPickerTests.xctest */,
				544DB0241CDB216F00DE1ECD /* CSCalendarPickerUITests.xctest */,
			);
			name = Products;
			sourceTree = "<group>";
		};
		544DB0021CDB216F00DE1ECD /* CSCalendarPicker */ = {
			isa = PBXGroup;
			children = (
				544DB0361CDB218500DE1ECD /* CSCalendarPicker */,
				544DB0061CDB216F00DE1ECD /* AppDelegate.h */,
				544DB0071CDB216F00DE1ECD /* AppDelegate.m */,
				544DB0091CDB216F00DE1ECD /* ViewController.h */,
				544DB00A1CDB216F00DE1ECD /* ViewController.m */,
				544DB00C1CDB216F00DE1ECD /* Main.storyboard */,
				544DB00F1CDB216F00DE1ECD /* Assets.xcassets */,
				544DB0111CDB216F00DE1ECD /* LaunchScreen.storyboard */,
				544DB0141CDB216F00DE1ECD /* Info.plist */,
				544DB0031CDB216F00DE1ECD /* Supporting Files */,
			);
			path = CSCalendarPicker;
			sourceTree = "<group>";
		};
		544DB0031CDB216F00DE1ECD /* Supporting Files */ = {
			isa = PBXGroup;
			children = (
				544DB0041CDB216F00DE1ECD /* main.m */,
			);
			name = "Supporting Files";
			sourceTree = "<group>";
		};
		544DB01C1CDB216F00DE1ECD /* CSCalendarPickerTests */ = {
			isa = PBXGroup;
			children = (
				544DB01D1CDB216F00DE1ECD /* CSCalendarPickerTests.m */,
				544DB01F1CDB216F00DE1ECD /* Info.plist */,
			);
			path = CSCalendarPickerTests;
			sourceTree = "<group>";
		};
		544DB0271CDB216F00DE1ECD /* CSCalendarPickerUITests */ = {
			isa = PBXGroup;
			children = (
				544DB0281CDB216F00DE1ECD /* CSCalendarPickerUITests.m */,
				544DB02A1CDB216F00DE1ECD /* Info.plist */,
			);
			path = CSCalendarPickerUITests;
			sourceTree = "<group>";
		};
		544DB0361CDB218500DE1ECD /* CSCalendarPicker */ = {
			isa = PBXGroup;
			children = (
				544DB0371CDB218500DE1ECD /* CalendarBtn.h */,
				544DB0381CDB218500DE1ECD /* CalendarBtn.m */,
				544DB0391CDB218500DE1ECD /* CSCalendarPicker.h */,
				544DB03A1CDB218500DE1ECD /* CSCalendarPicker.m */,
				544DB03B1CDB218500DE1ECD /* CSCalendarPicker.xib */,
				544DB03C1CDB218500DE1ECD /* CSCalendarPickerView.h */,
				544DB03D1CDB218500DE1ECD /* CSCalendarPickerView.m */,
				544DB03E1CDB218500DE1ECD /* CSCollectionLayout.h */,
				544DB03F1CDB218500DE1ECD /* CSCollectionLayout.m */,
				544DB0401CDB218500DE1ECD /* CSHeaderView.h */,
				544DB0411CDB218500DE1ECD /* CSHeaderView.m */,
				544DB0421CDB218500DE1ECD /* CSPickerView.h */,
				544DB0431CDB218500DE1ECD /* CSPickerView.m */,
				544DB0441CDB218500DE1ECD /* dateOfView.h */,
				544DB0451CDB218500DE1ECD /* dateOfView.m */,
				544DB0461CDB218500DE1ECD /* InChoosing.h */,
				544DB0471CDB218500DE1ECD /* InChoosing.m */,
				544DB0481CDB218500DE1ECD /* NSDate+Extension.h */,
				544DB0491CDB218500DE1ECD /* NSDate+Extension.m */,
				544DB05D1CDB223100DE1ECD /* UIView+Extension.h */,
				544DB05E1CDB223100DE1ECD /* UIView+Extension.m */,
				544DB04A1CDB218500DE1ECD /* SpecificDate.h */,
				544DB04B1CDB218500DE1ECD /* SpecificDate.m */,
				544DB04C1CDB218500DE1ECD /* UnderlineView.h */,
				544DB04D1CDB218500DE1ECD /* UnderlineView.m */,
				544DB04E1CDB218500DE1ECD /* yearsChooseCell.h */,
				544DB04F1CDB218500DE1ECD /* yearsChooseCell.m */,
			);
			path = CSCalendarPicker;
			sourceTree = "<group>";
		};
/* End PBXGroup section */

/* Begin PBXNativeTarget section */
		544DAFFF1CDB216F00DE1ECD /* CSCalendarPicker */ = {
			isa = PBXNativeTarget;
			buildConfigurationList = 544DB02D1CDB216F00DE1ECD /* Build configuration list for PBXNativeTarget "CSCalendarPicker" */;
			buildPhases = (
				544DAFFC1CDB216F00DE1ECD /* Sources */,
				544DAFFD1CDB216F00DE1ECD /* Frameworks */,
				544DAFFE1CDB216F00DE1ECD /* Resources */,
			);
			buildRules = (
			);
			dependencies = (
			);
			name = CSCalendarPicker;
			productName = CSCalendarPicker;
			productReference = 544DB0001CDB216F00DE1ECD /* CSCalendarPicker.app */;
			productType = "com.apple.product-type.application";
		};
		544DB0181CDB216F00DE1ECD /* CSCalendarPickerTests */ = {
			isa = PBXNativeTarget;
			buildConfigurationList = 544DB0301CDB216F00DE1ECD /* Build configuration list for PBXNativeTarget "CSCalendarPickerTests" */;
			buildPhases = (
				544DB0151CDB216F00DE1ECD /* Sources */,
				544DB0161CDB216F00DE1ECD /* Frameworks */,
				544DB0171CDB216F00DE1ECD /* Resources */,
			);
			buildRules = (
			);
			dependencies = (
				544DB01B1CDB216F00DE1ECD /* PBXTargetDependency */,
			);
			name = CSCalendarPickerTests;
			productName = CSCalendarPickerTests;
			productReference = 544DB0191CDB216F00DE1ECD /* CSCalendarPickerTests.xctest */;
			productType = "com.apple.product-type.bundle.unit-test";
		};
		544DB0231CDB216F00DE1ECD /* CSCalendarPickerUITests */ = {
			isa = PBXNativeTarget;
			buildConfigurationList = 544DB0331CDB216F00DE1ECD /* Build configuration list for PBXNativeTarget "CSCalendarPickerUITests" */;
			buildPhases = (
				544DB0201CDB216F00DE1ECD /* Sources */,
				544DB0211CDB216F00DE1ECD /* Frameworks */,
				544DB0221CDB216F00DE1ECD /* Resources */,
			);
			buildRules = (
			);
			dependencies = (
				544DB0261CDB216F00DE1ECD /* PBXTargetDependency */,
			);
			name = CSCalendarPickerUITests;
			productName = CSCalendarPickerUITests;
			productReference = 544DB0241CDB216F00DE1ECD /* CSCalendarPickerUITests.xctest */;
			productType = "com.apple.product-type.bundle.ui-testing";
		};
/* End PBXNativeTarget section */

/* Begin PBXProject section */
		544DAFF81CDB216F00DE1ECD /* Project object */ = {
			isa = PBXProject;
			attributes = {
				LastUpgradeCheck = 0730;
				ORGANIZATIONNAME = XuChengSai;
				TargetAttributes = {
					544DAFFF1CDB216F00DE1ECD = {
						CreatedOnToolsVersion = 7.3;
					};
					544DB0181CDB216F00DE1ECD = {
						CreatedOnToolsVersion = 7.3;
						TestTargetID = 544DAFFF1CDB216F00DE1ECD;
					};
					544DB0231CDB216F00DE1ECD = {
						CreatedOnToolsVersion = 7.3;
						TestTargetID = 544DAFFF1CDB216F00DE1ECD;
					};
				};
			};
			buildConfigurationList = 544DAFFB1CDB216F00DE1ECD /* Build configuration list for PBXProject "CSCalendarPicker" */;
			compatibilityVersion = "Xcode 3.2";
			developmentRegion = English;
			hasScannedForEncodings = 0;
			knownRegions = (
				en,
				Base,
			);
			mainGroup = 544DAFF71CDB216F00DE1ECD;
			productRefGroup = 544DB0011CDB216F00DE1ECD /* Products */;
			projectDirPath = "";
			projectRoot = "";
			targets = (
				544DAFFF1CDB216F00DE1ECD /* CSCalendarPicker */,
				544DB0181CDB216F00DE1ECD /* CSCalendarPickerTests */,
				544DB0231CDB216F00DE1ECD /* CSCalendarPickerUITests */,
			);
		};
/* End PBXProject section */

/* Begin PBXResourcesBuildPhase section */
		544DAFFE1CDB216F00DE1ECD /* Resources */ = {
			isa = PBXResourcesBuildPhase;
			buildActionMask = 2147483647;
			files = (
				544DB0131CDB216F00DE1ECD /* LaunchScreen.storyboard in Resources */,
				544DB0101CDB216F00DE1ECD /* Assets.xcassets in Resources */,
				544DB00E1CDB216F00DE1ECD /* Main.storyboard in Resources */,
				544DB0521CDB218500DE1ECD /* CSCalendarPicker.xib in Resources */,
			);
			runOnlyForDeploymentPostprocessing = 0;
		};
		544DB0171CDB216F00DE1ECD /* Resources */ = {
			isa = PBXResourcesBuildPhase;
			buildActionMask = 2147483647;
			files = (
			);
			runOnlyForDeploymentPostprocessing = 0;
		};
		544DB0221CDB216F00DE1ECD /* Resources */ = {
			isa = PBXResourcesBuildPhase;
			buildActionMask = 2147483647;
			files = (
			);
			runOnlyForDeploymentPostprocessing = 0;
		};
/* End PBXResourcesBuildPhase section */

/* Begin PBXSourcesBuildPhase section */
		544DAFFC1CDB216F00DE1ECD /* Sources */ = {
			isa = PBXSourcesBuildPhase;
			buildActionMask = 2147483647;
			files = (
				544DB00B1CDB216F00DE1ECD /* ViewController.m in Sources */,
				544DB0081CDB216F00DE1ECD /* AppDelegate.m in Sources */,
				544DB0581CDB218500DE1ECD /* InChoosing.m in Sources */,
				544DB0501CDB218500DE1ECD /* CalendarBtn.m in Sources */,
				544DB0551CDB218500DE1ECD /* CSHeaderView.m in Sources */,
				544DB0511CDB218500DE1ECD /* CSCalendarPicker.m in Sources */,
				544DB05A1CDB218500DE1ECD /* SpecificDate.m in Sources */,
				544DB0571CDB218500DE1ECD /* dateOfView.m in Sources */,
				544DB05C1CDB218500DE1ECD /* yearsChooseCell.m in Sources */,
				544DB0561CDB218500DE1ECD /* CSPickerView.m in Sources */,
				544DB0591CDB218500DE1ECD /* NSDate+Extension.m in Sources */,
				544DB0531CDB218500DE1ECD /* CSCalendarPickerView.m in Sources */,
				544DB05B1CDB218500DE1ECD /* UnderlineView.m in Sources */,
				544DB0541CDB218500DE1ECD /* CSCollectionLayout.m in Sources */,
				544DB05F1CDB223100DE1ECD /* UIView+Extension.m in Sources */,
				544DB0051CDB216F00DE1ECD /* main.m in Sources */,
			);
			runOnlyForDeploymentPostprocessing = 0;
		};
		544DB0151CDB216F00DE1ECD /* Sources */ = {
			isa = PBXSourcesBuildPhase;
			buildActionMask = 2147483647;
			files = (
				544DB01E1CDB216F00DE1ECD /* CSCalendarPickerTests.m in Sources */,
			);
			runOnlyForDeploymentPostprocessing = 0;
		};
		544DB0201CDB216F00DE1ECD /* Sources */ = {
			isa = PBXSourcesBuildPhase;
			buildActionMask = 2147483647;
			files = (
				544DB0291CDB216F00DE1ECD /* CSCalendarPickerUITests.m in Sources */,
			);
			runOnlyForDeploymentPostprocessing = 0;
		};
/* End PBXSourcesBuildPhase section */

/* Begin PBXTargetDependency section */
		544DB01B1CDB216F00DE1ECD /* PBXTargetDependency */ = {
			isa = PBXTargetDependency;
			target = 544DAFFF1CDB216F00DE1ECD /* CSCalendarPicker */;
			targetProxy = 544DB01A1CDB216F00DE1ECD /* PBXContainerItemProxy */;
		};
		544DB0261CDB216F00DE1ECD /* PBXTargetDependency */ = {
			isa = PBXTargetDependency;
			target = 544DAFFF1CDB216F00DE1ECD /* CSCalendarPicker */;
			targetProxy = 544DB0251CDB216F00DE1ECD /* PBXContainerItemProxy */;
		};
/* End PBXTargetDependency section */

/* Begin PBXVariantGroup section */
		544DB00C1CDB216F00DE1ECD /* Main.storyboard */ = {
			isa = PBXVariantGroup;
			children = (
				544DB00D1CDB216F00DE1ECD /* Base */,
			);
			name = Main.storyboard;
			sourceTree = "<group>";
		};
		544DB0111CDB216F00DE1ECD /* LaunchScreen.storyboard */ = {
			isa = PBXVariantGroup;
			children = (
				544DB0121CDB216F00DE1ECD /* Base */,
			);
			name = LaunchScreen.storyboard;
			sourceTree = "<group>";
		};
/* End PBXVariantGroup section */

/* Begin XCBuildConfiguration section */
		544DB02B1CDB216F00DE1ECD /* Debug */ = {
			isa = XCBuildConfiguration;
			buildSettings = {
				ALWAYS_SEARCH_USER_PATHS = NO;
				CLANG_ANALYZER_NONNULL = YES;
				CLANG_CXX_LANGUAGE_STANDARD = "gnu++0x";
				CLANG_CXX_LIBRARY = "libc++";
				CLANG_ENABLE_MODULES = YES;
				CLANG_ENABLE_OBJC_ARC = YES;
				CLANG_WARN_BOOL_CONVERSION = YES;
				CLANG_WARN_CONSTANT_CONVERSION = YES;
				CLANG_WARN_DIRECT_OBJC_ISA_USAGE = YES_ERROR;
				CLANG_WARN_EMPTY_BODY = YES;
				CLANG_WARN_ENUM_CONVERSION = YES;
				CLANG_WARN_INT_CONVERSION = YES;
				CLANG_WARN_OBJC_ROOT_CLASS = YES_ERROR;
				CLANG_WARN_UNREACHABLE_CODE = YES;
				CLANG_WARN__DUPLICATE_METHOD_MATCH = YES;
				"CODE_SIGN_IDENTITY[sdk=iphoneos*]" = "iPhone Developer";
				COPY_PHASE_STRIP = NO;
				DEBUG_INFORMATION_FORMAT = dwarf;
				ENABLE_STRICT_OBJC_MSGSEND = YES;
				ENABLE_TESTABILITY = YES;
				GCC_C_LANGUAGE_STANDARD = gnu99;
				GCC_DYNAMIC_NO_PIC = NO;
				GCC_NO_COMMON_BLOCKS = YES;
				GCC_OPTIMIZATION_LEVEL = 0;
				GCC_PREPROCESSOR_DEFINITIONS = (
					"DEBUG=1",
					"$(inherited)",
				);
				GCC_WARN_64_TO_32_BIT_CONVERSION = YES;
				GCC_WARN_ABOUT_RETURN_TYPE = YES_ERROR;
				GCC_WARN_UNDECLARED_SELECTOR = YES;
				GCC_WARN_UNINITIALIZED_AUTOS = YES_AGGRESSIVE;
				GCC_WARN_UNUSED_FUNCTION = YES;
				GCC_WARN_UNUSED_VARIABLE = YES;
				IPHONEOS_DEPLOYMENT_TARGET = 9.3;
				MTL_ENABLE_DEBUG_INFO = YES;
				ONLY_ACTIVE_ARCH = YES;
				SDKROOT = iphoneos;
			};
			name = Debug;
		};
		544DB02C1CDB216F00DE1ECD /* Release */ = {
			isa = XCBuildConfiguration;
			buildSettings = {
				ALWAYS_SEARCH_USER_PATHS = NO;
				CLANG_ANALYZER_NONNULL = YES;
				CLANG_CXX_LANGUAGE_STANDARD = "gnu++0x";
				CLANG_CXX_LIBRARY = "libc++";
				CLANG_ENABLE_MODULES = YES;
				CLANG_ENABLE_OBJC_ARC = YES;
				CLANG_WARN_BOOL_CONVERSION = YES;
				CLANG_WARN_CONSTANT_CONVERSION = YES;
				CLANG_WARN_DIRECT_OBJC_ISA_USAGE = YES_ERROR;
				CLANG_WARN_EMPTY_BODY = YES;
				CLANG_WARN_ENUM_CONVERSION = YES;
				CLANG_WARN_INT_CONVERSION = YES;
				CLANG_WARN_OBJC_ROOT_CLASS = YES_ERROR;
				CLANG_WARN_UNREACHABLE_CODE = YES;
				CLANG_WARN__DUPLICATE_METHOD_MATCH = YES;
				"CODE_SIGN_IDENTITY[sdk=iphoneos*]" = "iPhone Developer";
				COPY_PHASE_STRIP = NO;
				DEBUG_INFORMATION_FORMAT = "dwarf-with-dsym";
				ENABLE_NS_ASSERTIONS = NO;
				ENABLE_STRICT_OBJC_MSGSEND = YES;
				GCC_C_LANGUAGE_STANDARD = gnu99;
				GCC_NO_COMMON_BLOCKS = YES;
				GCC_WARN_64_TO_32_BIT_CONVERSION = YES;
				GCC_WARN_ABOUT_RETURN_TYPE = YES_ERROR;
				GCC_WARN_UNDECLARED_SELECTOR = YES;
				GCC_WARN_UNINITIALIZED_AUTOS = YES_AGGRESSIVE;
				GCC_WARN_UNUSED_FUNCTION = YES;
				GCC_WARN_UNUSED_VARIABLE = YES;
				IPHONEOS_DEPLOYMENT_TARGET = 9.3;
				MTL_ENABLE_DEBUG_INFO = NO;
				SDKROOT = iphoneos;
				VALIDATE_PRODUCT = YES;
			};
			name = Release;
		};
		544DB02E1CDB216F00DE1ECD /* Debug */ = {
			isa = XCBuildConfiguration;
			buildSettings = {
				ASSETCATALOG_COMPILER_APPICON_NAME = AppIcon;
				INFOPLIST_FILE = CSCalendarPicker/Info.plist;
				LD_RUNPATH_SEARCH_PATHS = "$(inherited) @executable_path/Frameworks";
				PRODUCT_BUNDLE_IDENTIFIER = com.xuchengsai.CSCalendarPicker;
				PRODUCT_NAME = "$(TARGET_NAME)";
			};
			name = Debug;
		};
		544DB02F1CDB216F00DE1ECD /* Release */ = {
			isa = XCBuildConfiguration;
			buildSettings = {
				ASSETCATALOG_COMPILER_APPICON_NAME = AppIcon;
				INFOPLIST_FILE = CSCalendarPicker/Info.plist;
				LD_RUNPATH_SEARCH_PATHS = "$(inherited) @executable_path/Frameworks";
				PRODUCT_BUNDLE_IDENTIFIER = com.xuchengsai.CSCalendarPicker;
				PRODUCT_NAME = "$(TARGET_NAME)";
			};
			name = Release;
		};
		544DB0311CDB216F00DE1ECD /* Debug */ = {
			isa = XCBuildConfiguration;
			buildSettings = {
				BUNDLE_LOADER = "$(TEST_HOST)";
				INFOPLIST_FILE = CSCalendarPickerTests/Info.plist;
				LD_RUNPATH_SEARCH_PATHS = "$(inherited) @executable_path/Frameworks @loader_path/Frameworks";
				PRODUCT_BUNDLE_IDENTIFIER = com.xuchengsai.CSCalendarPickerTests;
				PRODUCT_NAME = "$(TARGET_NAME)";
				TEST_HOST = "$(BUILT_PRODUCTS_DIR)/CSCalendarPicker.app/CSCalendarPicker";
			};
			name = Debug;
		};
		544DB0321CDB216F00DE1ECD /* Release */ = {
			isa = XCBuildConfiguration;
			buildSettings = {
				BUNDLE_LOADER = "$(TEST_HOST)";
				INFOPLIST_FILE = CSCalendarPickerTests/Info.plist;
				LD_RUNPATH_SEARCH_PATHS = "$(inherited) @executable_path/Frameworks @loader_path/Frameworks";
				PRODUCT_BUNDLE_IDENTIFIER = com.xuchengsai.CSCalendarPickerTests;
				PRODUCT_NAME = "$(TARGET_NAME)";
				TEST_HOST = "$(BUILT_PRODUCTS_DIR)/CSCalendarPicker.app/CSCalendarPicker";
			};
			name = Release;
		};
		544DB0341CDB216F00DE1ECD /* Debug */ = {
			isa = XCBuildConfiguration;
			buildSettings = {
				INFOPLIST_FILE = CSCalendarPickerUITests/Info.plist;
				LD_RUNPATH_SEARCH_PATHS = "$(inherited) @executable_path/Frameworks @loader_path/Frameworks";
				PRODUCT_BUNDLE_IDENTIFIER = com.xuchengsai.CSCalendarPickerUITests;
				PRODUCT_NAME = "$(TARGET_NAME)";
				TEST_TARGET_NAME = CSCalendarPicker;
			};
			name = Debug;
		};
		544DB0351CDB216F00DE1ECD /* Release */ = {
			isa = XCBuildConfiguration;
			buildSettings = {
				INFOPLIST_FILE = CSCalendarPickerUITests/Info.plist;
				LD_RUNPATH_SEARCH_PATHS = "$(inherited) @executable_path/Frameworks @loader_path/Frameworks";
				PRODUCT_BUNDLE_IDENTIFIER = com.xuchengsai.CSCalendarPickerUITests;
				PRODUCT_NAME = "$(TARGET_NAME)";
				TEST_TARGET_NAME = CSCalendarPicker;
			};
			name = Release;
		};
/* End XCBuildConfiguration section */

/* Begin XCConfigurationList section */
		544DAFFB1CDB216F00DE1ECD /* Build configuration list for PBXProject "CSCalendarPicker" */ = {
			isa = XCConfigurationList;
			buildConfigurations = (
				544DB02B1CDB216F00DE1ECD /* Debug */,
				544DB02C1CDB216F00DE1ECD /* Release */,
			);
			defaultConfigurationIsVisible = 0;
			defaultConfigurationName = Release;
		};
		544DB02D1CDB216F00DE1ECD /* Build configuration list for PBXNativeTarget "CSCalendarPicker" */ = {
			isa = XCConfigurationList;
			buildConfigurations = (
				544DB02E1CDB216F00DE1ECD /* Debug */,
				544DB02F1CDB216F00DE1ECD /* Release */,
			);
			defaultConfigurationIsVisible = 0;
		};
		544DB0301CDB216F00DE1ECD /* Build configuration list for PBXNativeTarget "CSCalendarPickerTests" */ = {
			isa = XCConfigurationList;
			buildConfigurations = (
				544DB0311CDB216F00DE1ECD /* Debug */,
				544DB0321CDB216F00DE1ECD /* Release */,
			);
			defaultConfigurationIsVisible = 0;
		};
		544DB0331CDB216F00DE1ECD /* Build configuration list for PBXNativeTarget "CSCalendarPickerUITests" */ = {
			isa = XCConfigurationList;
			buildConfigurations = (
				544DB0341CDB216F00DE1ECD /* Debug */,
				544DB0351CDB216F00DE1ECD /* Release */,
			);
			defaultConfigurationIsVisible = 0;
		};
/* End XCConfigurationList section */
	};
	rootObject = 544DAFF81CDB216F00DE1ECD /* Project object */;
}
